
Microsoft Visual Studio Solution File, Format Version 12.00
# Visual Studio Version 17
VisualStudioVersion = 17.0.31903.59
MinimumVisualStudioVersion = 10.0.40219.1
Project("{2150E333-8FDC-42A3-9474-1A3956D46DE8}") = "src", "src", "{DDF64C86-EBF1-4AD6-96DC-532BF48ADF5A}"
EndProject
Project("{FAE04EC0-301F-11D3-BF4B-00C04F79EFBC}") = "ApplicationLayer", "src\ApplicationLayer\ApplicationLayer.csproj", "{A4DCBCEA-7224-42AA-95C8-AC6C77B46DD9}"
EndProject
Project("{FAE04EC0-301F-11D3-BF4B-00C04F79EFBC}") = "InfrastructureLayer", "src\InfrastructureLayer\InfrastructureLayer.csproj", "{9B28EB8B-3301-40CA-B8A1-D95696F47C8F}"
EndProject
Project("{FAE04EC0-301F-11D3-BF4B-00C04F79EFBC}") = "WebLayer.Api", "src\WebLayer.Api\WebLayer.Api.csproj", "{789510BB-2217-42BF-9646-EBB639B35996}"
EndProject
Project("{FAE04EC0-301F-11D3-BF4B-00C04F79EFBC}") = "DomainLayer", "src\DomainLayer\DomainLayer.csproj", "{A94F2F47-B663-4E9E-97BC-4F4B53ED8B61}"
EndProject
Global
	GlobalSection(SolutionProperties) = preSolution
		HideSolutionNode = FALSE
	EndGlobalSection
	GlobalSection(SolutionConfigurationPlatforms) = preSolution
		Debug|Any CPU = Debug|Any CPU
		Debug|x64 = Debug|x64
		Debug|x86 = Debug|x86
		Release|Any CPU = Release|Any CPU
		Release|x64 = Release|x64
		Release|x86 = Release|x86
	EndGlobalSection
	GlobalSection(ProjectConfigurationPlatforms) = postSolution
		{A4DCBCEA-7224-42AA-95C8-AC6C77B46DD9}.Debug|Any CPU.ActiveCfg = Debug|Any CPU
		{A4DCBCEA-7224-42AA-95C8-AC6C77B46DD9}.Debug|Any CPU.Build.0 = Debug|Any CPU
		{A4DCBCEA-7224-42AA-95C8-AC6C77B46DD9}.Debug|x64.ActiveCfg = Debug|Any CPU
		{A4DCBCEA-7224-42AA-95C8-AC6C77B46DD9}.Debug|x64.Build.0 = Debug|Any CPU
		{A4DCBCEA-7224-42AA-95C8-AC6C77B46DD9}.Debug|x86.ActiveCfg = Debug|Any CPU
		{A4DCBCEA-7224-42AA-95C8-AC6C77B46DD9}.Debug|x86.Build.0 = Debug|Any CPU
		{A4DCBCEA-7224-42AA-95C8-AC6C77B46DD9}.Release|Any CPU.ActiveCfg = Release|Any CPU
		{A4DCBCEA-7224-42AA-95C8-AC6C77B46DD9}.Release|Any CPU.Build.0 = Release|Any CPU
		{A4DCBCEA-7224-42AA-95C8-AC6C77B46DD9}.Release|x64.ActiveCfg = Release|Any CPU
		{A4DCBCEA-7224-42AA-95C8-AC6C77B46DD9}.Release|x64.Build.0 = Release|Any CPU
		{A4DCBCEA-7224-42AA-95C8-AC6C77B46DD9}.Release|x86.ActiveCfg = Release|Any CPU
		{A4DCBCEA-7224-42AA-95C8-AC6C77B46DD9}.Release|x86.Build.0 = Release|Any CPU
		{9B28EB8B-3301-40CA-B8A1-D95696F47C8F}.Debug|Any CPU.ActiveCfg = Debug|Any CPU
		{9B28EB8B-3301-40CA-B8A1-D95696F47C8F}.Debug|Any CPU.Build.0 = Debug|Any CPU
		{9B28EB8B-3301-40CA-B8A1-D95696F47C8F}.Debug|x64.ActiveCfg = Debug|Any CPU
		{9B28EB8B-3301-40CA-B8A1-D95696F47C8F}.Debug|x64.Build.0 = Debug|Any CPU
		{9B28EB8B-3301-40CA-B8A1-D95696F47C8F}.Debug|x86.ActiveCfg = Debug|Any CPU
		{9B28EB8B-3301-40CA-B8A1-D95696F47C8F}.Debug|x86.Build.0 = Debug|Any CPU
		{9B28EB8B-3301-40CA-B8A1-D95696F47C8F}.Release|Any CPU.ActiveCfg = Release|Any CPU
		{9B28EB8B-3301-40CA-B8A1-D95696F47C8F}.Release|Any CPU.Build.0 = Release|Any CPU
		{9B28EB8B-3301-40CA-B8A1-D95696F47C8F}.Release|x64.ActiveCfg = Release|Any CPU
		{9B28EB8B-3301-40CA-B8A1-D95696F47C8F}.Release|x64.Build.0 = Release|Any CPU
		{9B28EB8B-3301-40CA-B8A1-D95696F47C8F}.Release|x86.ActiveCfg = Release|Any CPU
		{9B28EB8B-3301-40CA-B8A1-D95696F47C8F}.Release|x86.Build.0 = Release|Any CPU
		{789510BB-2217-42BF-9646-EBB639B35996}.Debug|Any CPU.ActiveCfg = Debug|Any CPU
		{789510BB-2217-42BF-9646-EBB639B35996}.Debug|Any CPU.Build.0 = Debug|Any CPU
		{789510BB-2217-42BF-9646-EBB639B35996}.Debug|x64.ActiveCfg = Debug|Any CPU
		{789510BB-2217-42BF-9646-EBB639B35996}.Debug|x64.Build.0 = Debug|Any CPU
		{789510BB-2217-42BF-9646-EBB639B35996}.Debug|x86.ActiveCfg = Debug|Any CPU
		{789510BB-2217-42BF-9646-EBB639B35996}.Debug|x86.Build.0 = Debug|Any CPU
		{789510BB-2217-42BF-9646-EBB639B35996}.Release|Any CPU.ActiveCfg = Release|Any CPU
		{789510BB-2217-42BF-9646-EBB639B35996}.Release|Any CPU.Build.0 = Release|Any CPU
		{789510BB-2217-42BF-9646-EBB639B35996}.Release|x64.ActiveCfg = Release|Any CPU
		{789510BB-2217-42BF-9646-EBB639B35996}.Release|x64.Build.0 = Release|Any CPU
		{789510BB-2217-42BF-9646-EBB639B35996}.Release|x86.ActiveCfg = Release|Any CPU
		{789510BB-2217-42BF-9646-EBB639B35996}.Release|x86.Build.0 = Release|Any CPU
		{A94F2F47-B663-4E9E-97BC-4F4B53ED8B61}.Debug|Any CPU.ActiveCfg = Debug|Any CPU
		{A94F2F47-B663-4E9E-97BC-4F4B53ED8B61}.Debug|Any CPU.Build.0 = Debug|Any CPU
		{A94F2F47-B663-4E9E-97BC-4F4B53ED8B61}.Debug|x64.ActiveCfg = Debug|Any CPU
		{A94F2F47-B663-4E9E-97BC-4F4B53ED8B61}.Debug|x64.Build.0 = Debug|Any CPU
		{A94F2F47-B663-4E9E-97BC-4F4B53ED8B61}.Debug|x86.ActiveCfg = Debug|Any CPU
		{A94F2F47-B663-4E9E-97BC-4F4B53ED8B61}.Debug|x86.Build.0 = Debug|Any CPU
		{A94F2F47-B663-4E9E-97BC-4F4B53ED8B61}.Release|Any CPU.ActiveCfg = Release|Any CPU
		{A94F2F47-B663-4E9E-97BC-4F4B53ED8B61}.Release|Any CPU.Build.0 = Release|Any CPU
		{A94F2F47-B663-4E9E-97BC-4F4B53ED8B61}.Release|x64.ActiveCfg = Release|Any CPU
		{A94F2F47-B663-4E9E-97BC-4F4B53ED8B61}.Release|x64.Build.0 = Release|Any CPU
		{A94F2F47-B663-4E9E-97BC-4F4B53ED8B61}.Release|x86.ActiveCfg = Release|Any CPU
		{A94F2F47-B663-4E9E-97BC-4F4B53ED8B61}.Release|x86.Build.0 = Release|Any CPU
	EndGlobalSection
	GlobalSection(NestedProjects) = preSolution
		{A4DCBCEA-7224-42AA-95C8-AC6C77B46DD9} = {DDF64C86-EBF1-4AD6-96DC-532BF48ADF5A}
		{9B28EB8B-3301-40CA-B8A1-D95696F47C8F} = {DDF64C86-EBF1-4AD6-96DC-532BF48ADF5A}
		{789510BB-2217-42BF-9646-EBB639B35996} = {DDF64C86-EBF1-4AD6-96DC-532BF48ADF5A}
		{A94F2F47-B663-4E9E-97BC-4F4B53ED8B61} = {DDF64C86-EBF1-4AD6-96DC-532BF48ADF5A}
	EndGlobalSection
EndGlobal
