
Microsoft Visual Studio Solution File, Format Version 12.00
# Visual Studio Version 17
VisualStudioVersion = 17.5.002.0
MinimumVisualStudioVersion = 10.0.40219.1
Project("{9A19103F-16F7-4668-BE54-9A1E7A4F7556}") = "ApplicationLayer", "ApplicationLayer\ApplicationLayer.csproj", "{C1FB5ECE-F2F4-42AE-BCDF-A56DC58B7E76}"
EndProject
Project("{9A19103F-16F7-4668-BE54-9A1E7A4F7556}") = "DomainLayer", "DomainLayer\DomainLayer.csproj", "{09656755-0541-438D-84E6-66B4590248C4}"
EndProject
Project("{9A19103F-16F7-4668-BE54-9A1E7A4F7556}") = "InfrastructureLayer", "InfrastructureLayer\InfrastructureLayer.csproj", "{401B9E22-93BA-454D-B7ED-FA9E533E9BE3}"
EndProject
Project("{9A19103F-16F7-4668-BE54-9A1E7A4F7556}") = "WebLayer.Api", "WebLayer.Api\WebLayer.Api.csproj", "{C8FE71E6-8782-4DC2-B681-901A79FBEBFB}"
EndProject
Global
	GlobalSection(SolutionConfigurationPlatforms) = preSolution
		Debug|Any CPU = Debug|Any CPU
		Release|Any CPU = Release|Any CPU
	EndGlobalSection
	GlobalSection(ProjectConfigurationPlatforms) = postSolution
		{C1FB5ECE-F2F4-42AE-BCDF-A56DC58B7E76}.Debug|Any CPU.ActiveCfg = Debug|Any CPU
		{C1FB5ECE-F2F4-42AE-BCDF-A56DC58B7E76}.Debug|Any CPU.Build.0 = Debug|Any CPU
		{C1FB5ECE-F2F4-42AE-BCDF-A56DC58B7E76}.Release|Any CPU.ActiveCfg = Release|Any CPU
		{C1FB5ECE-F2F4-42AE-BCDF-A56DC58B7E76}.Release|Any CPU.Build.0 = Release|Any CPU
		{09656755-0541-438D-84E6-66B4590248C4}.Debug|Any CPU.ActiveCfg = Debug|Any CPU
		{09656755-0541-438D-84E6-66B4590248C4}.Debug|Any CPU.Build.0 = Debug|Any CPU
		{09656755-0541-438D-84E6-66B4590248C4}.Release|Any CPU.ActiveCfg = Release|Any CPU
		{09656755-0541-438D-84E6-66B4590248C4}.Release|Any CPU.Build.0 = Release|Any CPU
		{401B9E22-93BA-454D-B7ED-FA9E533E9BE3}.Debug|Any CPU.ActiveCfg = Debug|Any CPU
		{401B9E22-93BA-454D-B7ED-FA9E533E9BE3}.Debug|Any CPU.Build.0 = Debug|Any CPU
		{401B9E22-93BA-454D-B7ED-FA9E533E9BE3}.Release|Any CPU.ActiveCfg = Release|Any CPU
		{401B9E22-93BA-454D-B7ED-FA9E533E9BE3}.Release|Any CPU.Build.0 = Release|Any CPU
		{C8FE71E6-8782-4DC2-B681-901A79FBEBFB}.Debug|Any CPU.ActiveCfg = Debug|Any CPU
		{C8FE71E6-8782-4DC2-B681-901A79FBEBFB}.Debug|Any CPU.Build.0 = Debug|Any CPU
		{C8FE71E6-8782-4DC2-B681-901A79FBEBFB}.Release|Any CPU.ActiveCfg = Release|Any CPU
		{C8FE71E6-8782-4DC2-B681-901A79FBEBFB}.Release|Any CPU.Build.0 = Release|Any CPU
	EndGlobalSection
	GlobalSection(SolutionProperties) = preSolution
		HideSolutionNode = FALSE
	EndGlobalSection
	GlobalSection(ExtensibilityGlobals) = postSolution
		SolutionGuid = {DF5BA83D-A292-4D1B-953B-4CA364FDDC54}
	EndGlobalSection
EndGlobal
